
Microsoft Visual Studio Solution File, Format Version 12.00
# Visual Studio 14
VisualStudioVersion = 14.0.25420.1
MinimumVisualStudioVersion = 10.0.40219.1
Project("{FAE04EC0-301F-11D3-BF4B-00C04F79EFBC}") = "VectorDrawApp", "VectorDrawApp\VectorDrawApp.csproj", "{0DDFEB80-0BFA-4CF5-B2C5-3D1FD7E3A2D5}"
EndProject
Project("{FAE04EC0-301F-11D3-BF4B-00C04F79EFBC}") = "RenderApp", "RenderApp\RenderApp.csproj", "{9DF98564-50F3-47BC-821E-F188E4A63341}"
EndProject
Global
	GlobalSection(SolutionConfigurationPlatforms) = preSolution
		Debug|Any CPU = Debug|Any CPU
		Release|Any CPU = Release|Any CPU
	EndGlobalSection
	GlobalSection(ProjectConfigurationPlatforms) = postSolution
		{0DDFEB80-0BFA-4CF5-B2C5-3D1FD7E3A2D5}.Debug|Any CPU.ActiveCfg = Debug|Any CPU
		{0DDFEB80-0BFA-4CF5-B2C5-3D1FD7E3A2D5}.Debug|Any CPU.Build.0 = Debug|Any CPU
		{0DDFEB80-0BFA-4CF5-B2C5-3D1FD7E3A2D5}.Release|Any CPU.ActiveCfg = Release|Any CPU
		{0DDFEB80-0BFA-4CF5-B2C5-3D1FD7E3A2D5}.Release|Any CPU.Build.0 = Release|Any CPU
		{9DF98564-50F3-47BC-821E-F188E4A63341}.Debug|Any CPU.ActiveCfg = Debug|Any CPU
		{9DF98564-50F3-47BC-821E-F188E4A63341}.Debug|Any CPU.Build.0 = Debug|Any CPU
		{9DF98564-50F3-47BC-821E-F188E4A63341}.Release|Any CPU.ActiveCfg = Release|Any CPU
		{9DF98564-50F3-47BC-821E-F188E4A63341}.Release|Any CPU.Build.0 = Release|Any CPU
	EndGlobalSection
	GlobalSection(SolutionProperties) = preSolution
		HideSolutionNode = FALSE
	EndGlobalSection
EndGlobal
